Microsoft Visual Studio Solution File, Format Version 12.00
# Visual Studio Version 17
VisualStudioVersion = 17.5.2.0
MinimumVisualStudioVersion = 10.0.40219.1
Project("{FAE04EC0-301F-11D3-BF4B-00C04F79EFBC}") = "OpticalServer", "OpticalServer.csproj", "{DDFBF534-684C-13CD-DF34-B03CA554EC36}"
EndProject
Global
	GlobalSection(SolutionConfigurationPlatforms) = preSolution
		Debug|Any CPU = Debug|Any CPU
		Release|Any CPU = Release|Any CPU
	EndGlobalSection
	GlobalSection(ProjectConfigurationPlatforms) = postSolution
		{DDFBF534-684C-13CD-DF34-B03CA554EC36}.Debug|Any CPU.ActiveCfg = Debug|Any CPU
		{DDFBF534-684C-13CD-DF34-B03CA554EC36}.Debug|Any CPU.Build.0 = Debug|Any CPU
		{DDFBF534-684C-13CD-DF34-B03CA554EC36}.Release|Any CPU.ActiveCfg = Release|Any CPU
		{DDFBF534-684C-13CD-DF34-B03CA554EC36}.Release|Any CPU.Build.0 = Release|Any CPU
	EndGlobalSection
	GlobalSection(SolutionProperties) = preSolution
		HideSolutionNode = FALSE
	EndGlobalSection
	GlobalSection(ExtensibilityGlobals) = postSolution
		SolutionGuid = {15AB909B-4D49-4F46-8C44-75064D87FF73}
	EndGlobalSection
EndGlobal
